
Microsoft Visual Studio Solution File, Format Version 12.00
# Visual Studio Version 16
VisualStudioVersion = 16.0.32510.428
MinimumVisualStudioVersion = 10.0.40219.1
Project("{FAE04EC0-301F-11D3-BF4B-00C04F79EFBC}") = "ModelFirstDemo", "ModelFirstDemo\ModelFirstDemo.csproj", "{04BA3CBD-A6D9-4DB9-9284-A246B83A6D86}"
EndProject
Project("{FAE04EC0-301F-11D3-BF4B-00C04F79EFBC}") = "BALForDB", "BALForDB\BALForDB.csproj", "{2537C69F-1F9A-4B9D-A34E-87FFDB7805DF}"
EndProject
Project("{FAE04EC0-301F-11D3-BF4B-00C04F79EFBC}") = "DALForDB", "DALForDB\DALForDB.csproj", "{184D47B9-45F7-487F-9B72-877372111E1C}"
EndProject
Global
	GlobalSection(SolutionConfigurationPlatforms) = preSolution
		Debug|Any CPU = Debug|Any CPU
		Release|Any CPU = Release|Any CPU
	EndGlobalSection
	GlobalSection(ProjectConfigurationPlatforms) = postSolution
		{04BA3CBD-A6D9-4DB9-9284-A246B83A6D86}.Debug|Any CPU.ActiveCfg = Debug|Any CPU
		{04BA3CBD-A6D9-4DB9-9284-A246B83A6D86}.Debug|Any CPU.Build.0 = Debug|Any CPU
		{04BA3CBD-A6D9-4DB9-9284-A246B83A6D86}.Release|Any CPU.ActiveCfg = Release|Any CPU
		{04BA3CBD-A6D9-4DB9-9284-A246B83A6D86}.Release|Any CPU.Build.0 = Release|Any CPU
		{2537C69F-1F9A-4B9D-A34E-87FFDB7805DF}.Debug|Any CPU.ActiveCfg = Debug|Any CPU
		{2537C69F-1F9A-4B9D-A34E-87FFDB7805DF}.Debug|Any CPU.Build.0 = Debug|Any CPU
		{2537C69F-1F9A-4B9D-A34E-87FFDB7805DF}.Release|Any CPU.ActiveCfg = Release|Any CPU
		{2537C69F-1F9A-4B9D-A34E-87FFDB7805DF}.Release|Any CPU.Build.0 = Release|Any CPU
		{184D47B9-45F7-487F-9B72-877372111E1C}.Debug|Any CPU.ActiveCfg = Debug|Any CPU
		{184D47B9-45F7-487F-9B72-877372111E1C}.Debug|Any CPU.Build.0 = Debug|Any CPU
		{184D47B9-45F7-487F-9B72-877372111E1C}.Release|Any CPU.ActiveCfg = Release|Any CPU
		{184D47B9-45F7-487F-9B72-877372111E1C}.Release|Any CPU.Build.0 = Release|Any CPU
	EndGlobalSection
	GlobalSection(SolutionProperties) = preSolution
		HideSolutionNode = FALSE
	EndGlobalSection
	GlobalSection(ExtensibilityGlobals) = postSolution
		SolutionGuid = {2C0612E2-AA22-466A-99E1-6CFCA9432BA3}
	EndGlobalSection
EndGlobal
